# This file is autogenerated, do not edit; changes may be undone by the next 'dep ensure'.


[[projects]]
  digest = "1:419c3ba581f6df825df29bb4392c4f3d74304dd206484ffc051fc89583d0f7cb"
  name = "github.com/cosiner/flag"
  packages = ["."]
  pruneopts = "UT"
  revision = "0a234ac24dc3ae79572873bf6138a73943f4038f"
  version = "v0.4.0"

[[projects]]
  digest = "1:434aab943cc1c082c9df36bd4b1f107d9ef4af930d2ce13d3f2eb008df9196f0"
  name = "github.com/flosch/pongo2"
  packages = ["."]
  pruneopts = "UT"
  revision = "5e81b817a0c48c1c57cdf1a9056cf76bdee02ca9"
  version = "v3.0"

[[projects]]
  digest = "1:112b07cad4bd500e6e445cc0b9294ca310faa41199c19475c557daa2c7519549"
  name = "github.com/golang/protobuf"
  packages = ["proto"]
  pruneopts = "UT"
  revision = "1b794fe86dd6a0c7c52ae69b5c9cb0aeedc52afa"
  version = "v1.4.0"

[[projects]]
  digest = "1:6d29f02f0f01c627c2be40fb7347669a9ff2aa215cb97747294c1d13ffa74bdd"
  name = "github.com/gorilla/websocket"
  packages = ["."]
  pruneopts = "UT"
  revision = "b65e62901fc1c0d968042419e74789f6af455eb9"
  version = "v1.4.2"

[[projects]]
  branch = "master"
  digest = "1:e51f40f0c19b39c1825eadd07d5c0a98a2ad5942b166d9fc4f54750ce9a04810"
  name = "github.com/juju/ansiterm"
  packages = [
    ".",
    "tabwriter",
  ]
  pruneopts = "UT"
  revision = "720a0952cc2ac777afc295d9861263e2a4cf96a1"

[[projects]]
  branch = "master"
  digest = "1:15dce89ef511b45a1ad0601a3c541b4f66d7d133b66130ba60eca94182feae8e"
  name = "github.com/juju/loggo"
  packages = [
    ".",
    "loggocolor",
  ]
  pruneopts = "UT"
  revision = "6e530bcce5d8e1b51b8e5ee7f08a455cd0a8c2e5"

[[projects]]
  digest = "1:c904d1ed620923eb74714caf3a0164984cd2ac83821c6559a1651d30c8d732d7"
  name = "github.com/juju/webbrowser"
  packages = ["."]
  pruneopts = "UT"
  revision = "e25cabc13bc028f01bbacc212dc4a2ea97e7368a"
  version = "v1.0.0"

[[projects]]
  digest = "1:84a35669b4b31cc20ffc89c3b2ab32f2189fb2366a973efa1c25e009ef6ae1c6"
  name = "github.com/julienschmidt/httprouter"
  packages = ["."]
  pruneopts = "UT"
  revision = "4eec211fa4e8df74ed978dc5681612131854144f"
  version = "v1.3.0"

[[projects]]
  digest = "1:2dc8db55c5b223e6cd50aa7915e698cfcf56d1ddfa89bbbf65e24729e0a0200a"
  name = "github.com/lunixbochs/vtclean"
  packages = ["."]
  pruneopts = "UT"
  revision = "88cfb0c2efe8ed7b0ccf0af83db39359829027bb"
  version = "v1.0.0"

[[projects]]
  branch = "master"
  digest = "1:96d7c5d1d2a6e7e0736a3ac3d58ab8ee789de6cd1062374197b12366ca6219d8"
  name = "github.com/lxc/lxd"
  packages = [
    "client",
    "shared",
    "shared/api",
    "shared/cancel",
    "shared/ioprogress",
    "shared/logger",
    "shared/osarch",
    "shared/simplestreams",
    "shared/units",
  ]
  pruneopts = "UT"
  revision = "16185d6126b9ff3c54931aa6ac504db62b8de6eb"

[[projects]]
  digest = "1:0109cf4321a15313ec895f42e723e1f76121c6975ea006abfa20012272ec0937"
  name = "github.com/mattn/go-colorable"
  packages = ["."]
  pruneopts = "UT"
  revision = "68e95eba382c972aafde02ead2cd2426a8a92480"
  version = "v0.1.6"

[[projects]]
  digest = "1:0c58d31abe2a2ccb429c559b6292e7df89dcda675456fecc282fa90aa08273eb"
  name = "github.com/mattn/go-isatty"
  packages = ["."]
  pruneopts = "UT"
  revision = "7b513a986450394f7bbf1476909911b3aa3a55ce"
  version = "v0.0.12"

[[projects]]
  branch = "master"
  digest = "1:c497b54ed4be2a7753ae4bfc7629f7168530f22e70ede8badd2aae657ba472b4"
  name = "github.com/palantir/stacktrace"
  packages = [
    ".",
    "cleanpath",
  ]
  pruneopts = "UT"
  revision = "78658fd2d1772b755720ed8c44367d11ee5380d6"

[[projects]]
  digest = "1:9e1d37b58d17113ec3cb5608ac0382313c5b59470b94ed97d0976e69c7022314"
  name = "github.com/pkg/errors"
  packages = ["."]
  pruneopts = "UT"
  revision = "614d223910a179a466c1767a985424175c39b465"
  version = "v0.9.1"

[[projects]]
  digest = "1:75845a9207e2d9d5297f68e7352a26b757f2af4174fd05cf24633e38dd842615"
  name = "github.com/rogpeppe/fastuuid"
  packages = ["."]
  pruneopts = "UT"
  revision = "10c3923834d38e951ae8f627bfec2dc632c5b6cb"
  version = "v1.2.0"

[[projects]]
  branch = "master"
  digest = "1:6103ff2a8d34859f7f4cf5e20f357247b4ab31656556cee46f2662f7e6621ec7"
  name = "golang.org/x/crypto"
  packages = [
    "blake2b",
    "curve25519",
    "internal/subtle",
    "nacl/box",
    "nacl/secretbox",
    "poly1305",
    "salsa20/salsa",
  ]
  pruneopts = "UT"
  revision = "4b2356b1ed79e6be3deca3737a3db3d132d2847a"

[[projects]]
  branch = "master"
  digest = "1:c7bec970b12aaeefbd913ee6093d61a3af2f12070f0ca0c1cb8dacca6d899254"
  name = "golang.org/x/net"
  packages = [
    "html",
    "html/atom",
    "idna",
    "publicsuffix",
  ]
  pruneopts = "UT"
  revision = "e0ff5e5a1de5b859e2d48a2830d7933b3ab5b75f"

[[projects]]
  branch = "master"
  digest = "1:9897e9b0da0a82e4a9b9b28ffaeb005eb548fe2a6764f55f15f0815a38a4124e"
  name = "golang.org/x/sys"
  packages = [
    "cpu",
    "internal/unsafeheader",
    "unix",
    "windows",
  ]
  pruneopts = "UT"
  revision = "bc7a7d42d5c30f4d0fe808715c002826ce2c624e"

[[projects]]
  digest = "1:8d8faad6b12a3a4c819a3f9618cb6ee1fa1cfc33253abeeea8b55336721e3405"
  name = "golang.org/x/text"
  packages = [
    "collate",
    "collate/build",
    "internal/colltab",
    "internal/gen",
    "internal/language",
    "internal/language/compact",
    "internal/tag",
    "internal/triegen",
    "internal/ucd",
    "language",
    "secure/bidirule",
    "transform",
    "unicode/bidi",
    "unicode/cldr",
    "unicode/norm",
    "unicode/rangetable",
  ]
  pruneopts = "UT"
  revision = "342b2e1fbaa52c93f31447ad2c6abc048c63e475"
  version = "v0.3.2"

[[projects]]
  digest = "1:f1865c7b6c5f85632ff40fd729aa3393e66a2db3de74d43ab7c594be7e9bfe25"
  name = "google.golang.org/protobuf"
  packages = [
    "encoding/prototext",
    "encoding/protowire",
    "internal/descfmt",
    "internal/descopts",
    "internal/detrand",
    "internal/encoding/defval",
    "internal/encoding/messageset",
    "internal/encoding/tag",
    "internal/encoding/text",
    "internal/errors",
    "internal/fieldnum",
    "internal/fieldsort",
    "internal/filedesc",
    "internal/filetype",
    "internal/flags",
    "internal/genname",
    "internal/impl",
    "internal/mapsort",
    "internal/pragma",
    "internal/set",
    "internal/strs",
    "internal/version",
    "proto",
    "reflect/protoreflect",
    "reflect/protoregistry",
    "runtime/protoiface",
    "runtime/protoimpl",
  ]
  pruneopts = "UT"
  revision = "3b9eee12916ce611400f93d6c2fed2fc2911b0ad"
  version = "v1.21.0"

[[projects]]
  digest = "1:0f38fed0b27bfd46edbea0b23f7829e1640cad7fc6c6eed8b64858f335004dab"
  name = "gopkg.in/errgo.v1"
  packages = ["."]
  pruneopts = "UT"
  revision = "08dc5b27f5ced65786776ec936b4298445ec70cf"
  version = "v1.0.1"

[[projects]]
  digest = "1:50417b0b6dd076cca66c6a1afe33d16d74ff771a36915b906a86fb026c316c27"
  name = "gopkg.in/httprequest.v1"
  packages = ["."]
  pruneopts = "UT"
  revision = "7f3c32e65ad57476ba9675100248f4f87f6ffb9c"
  version = "v1.2.0"

[[projects]]
  digest = "1:5ab6cf2ec7019c0034f0692cf62c0161d52242ef244d251bdf1f282887d91cb0"
  name = "gopkg.in/macaroon-bakery.v2"
  packages = [
    "bakery",
    "bakery/checkers",
    "bakery/internal/macaroonpb",
    "httpbakery",
    "internal/httputil",
  ]
  pruneopts = "UT"
  revision = "a579e84ffcea3a8445417499d23899b612f2de47"
  version = "v2.2.0"

[[projects]]
  digest = "1:9b8b370ce91c030d6542e145cf99f863f82b43e680f0ebf17ee41b604b5f7d64"
  name = "gopkg.in/macaroon.v2"
  packages = ["."]
  pruneopts = "UT"
  revision = "1679699b0b723e05f9f16c45b4c6cbd46adb2c78"
  version = "v2.1.0"

[[projects]]
  branch = "v2"
  digest = "1:e8c48aa61ea272e211858e52979ad4d114c60bfe6900d12431ac697482100b0a"
  name = "gopkg.in/robfig/cron.v2"
  packages = ["."]
  pruneopts = "UT"
  revision = "be2e0b0deed5a68ffee390b4583a13aff8321535"

[[projects]]
  digest = "1:55b110c99c5fdc4f14930747326acce56b52cfce60b24b1c03ef686ac0e46bb1"
  name = "gopkg.in/yaml.v2"
  packages = ["."]
  pruneopts = "UT"
  revision = "53403b58ad1b561927d19068c655246f2db79d48"
  version = "v2.2.8"

[solve-meta]
  analyzer-name = "dep"
  analyzer-version = 1
  input-imports = [
    "github.com/cosiner/flag",
    "github.com/juju/loggo",
    "github.com/juju/loggo/loggocolor",
    "github.com/lxc/lxd/client",
    "github.com/lxc/lxd/shared/api",
    "github.com/palantir/stacktrace",
    "gopkg.in/yaml.v2",
  ]
  solver-name = "gps-cdcl"
  solver-version = 1
